
Microsoft Visual Studio Solution File, Format Version 12.00
# Visual Studio Version 16
VisualStudioVersion = 16.0.30320.27
MinimumVisualStudioVersion = 10.0.40219.1
Project("{FAE04EC0-301F-11D3-BF4B-00C04F79EFBC}") = "Transformator_API", "Transformator_API\Transformator_API.csproj", "{D2B1116E-095B-4049-96E2-832F92F04707}"
EndProject
Global
	GlobalSection(SolutionConfigurationPlatforms) = preSolution
		Debug|Any CPU = Debug|Any CPU
		Release|Any CPU = Release|Any CPU
	EndGlobalSection
	GlobalSection(ProjectConfigurationPlatforms) = postSolution
		{D2B1116E-095B-4049-96E2-832F92F04707}.Debug|Any CPU.ActiveCfg = Debug|Any CPU
		{D2B1116E-095B-4049-96E2-832F92F04707}.Debug|Any CPU.Build.0 = Debug|Any CPU
		{D2B1116E-095B-4049-96E2-832F92F04707}.Release|Any CPU.ActiveCfg = Release|Any CPU
		{D2B1116E-095B-4049-96E2-832F92F04707}.Release|Any CPU.Build.0 = Release|Any CPU
	EndGlobalSection
	GlobalSection(SolutionProperties) = preSolution
		HideSolutionNode = FALSE
	EndGlobalSection
	GlobalSection(ExtensibilityGlobals) = postSolution
		SolutionGuid = {DD918B39-671D-4436-8F61-AAABAB9A8FFF}
	EndGlobalSection
EndGlobal
